
Microsoft Visual Studio Solution File, Format Version 11.00
# Visual Studio 2010
Project("{FAE04EC0-301F-11D3-BF4B-00C04F79EFBC}") = "Lucene.FluentMapping", "Lucene.FluentMapping\Lucene.FluentMapping.csproj", "{DF690BB7-764C-4364-9B64-8386A256A638}"
EndProject
Project("{FAE04EC0-301F-11D3-BF4B-00C04F79EFBC}") = "Lucene.FluentMapping.Test", "Lucene.FluentMapping.Test\Lucene.FluentMapping.Test.csproj", "{95C529E4-C998-4D05-B3FB-651D8E20135A}"
EndProject
Project("{2150E333-8FDC-42A3-9474-1A3956D46DE8}") = ".nuget", ".nuget", "{ADB9DDD2-BBAA-403B-91EF-A9BDF2EE439A}"
	ProjectSection(SolutionItems) = preProject
		.nuget\NuGet.Config = .nuget\NuGet.Config
		.nuget\NuGet.exe = .nuget\NuGet.exe
		.nuget\NuGet.targets = .nuget\NuGet.targets
	EndProjectSection
EndProject
Global
	GlobalSection(SolutionConfigurationPlatforms) = preSolution
		Debug|Any CPU = Debug|Any CPU
		Release|Any CPU = Release|Any CPU
	EndGlobalSection
	GlobalSection(ProjectConfigurationPlatforms) = postSolution
		{DF690BB7-764C-4364-9B64-8386A256A638}.Debug|Any CPU.ActiveCfg = Debug|Any CPU
		{DF690BB7-764C-4364-9B64-8386A256A638}.Debug|Any CPU.Build.0 = Debug|Any CPU
		{DF690BB7-764C-4364-9B64-8386A256A638}.Release|Any CPU.ActiveCfg = Release|Any CPU
		{DF690BB7-764C-4364-9B64-8386A256A638}.Release|Any CPU.Build.0 = Release|Any CPU
		{95C529E4-C998-4D05-B3FB-651D8E20135A}.Debug|Any CPU.ActiveCfg = Debug|Any CPU
		{95C529E4-C998-4D05-B3FB-651D8E20135A}.Debug|Any CPU.Build.0 = Debug|Any CPU
		{95C529E4-C998-4D05-B3FB-651D8E20135A}.Release|Any CPU.ActiveCfg = Release|Any CPU
		{95C529E4-C998-4D05-B3FB-651D8E20135A}.Release|Any CPU.Build.0 = Release|Any CPU
	EndGlobalSection
	GlobalSection(SolutionProperties) = preSolution
		HideSolutionNode = FALSE
	EndGlobalSection
EndGlobal
